
Microsoft Visual Studio Solution File, Format Version 12.00
# Visual Studio Version 16
VisualStudioVersion = 16.0.31624.102
MinimumVisualStudioVersion = 10.0.40219.1
Project("{FAE04EC0-301F-11D3-BF4B-00C04F79EFBC}") = "OOPEx7ReadWriteProps", "OOPEx7ReadWriteProps\OOPEx7ReadWriteProps.csproj", "{211FD81E-D994-4B4B-B3C3-3ACEB49111F3}"
EndProject
Project("{FAE04EC0-301F-11D3-BF4B-00C04F79EFBC}") = "Wmad.Party.Store", "Wmad.Party.Store\Wmad.Party.Store.csproj", "{D1954875-7503-46DA-AB45-C7B4D6B4CFBF}"
EndProject
Project("{2150E333-8FDC-42A3-9474-1A3956D46DE8}") = "Solution Items", "Solution Items", "{E62F3ACF-4D25-4D59-AFB3-E4500EBB56AC}"
	ProjectSection(SolutionItems) = preProject
		repo.txt = repo.txt
	EndProjectSection
EndProject
Global
	GlobalSection(SolutionConfigurationPlatforms) = preSolution
		Debug|Any CPU = Debug|Any CPU
		Release|Any CPU = Release|Any CPU
	EndGlobalSection
	GlobalSection(ProjectConfigurationPlatforms) = postSolution
		{211FD81E-D994-4B4B-B3C3-3ACEB49111F3}.Debug|Any CPU.ActiveCfg = Debug|Any CPU
		{211FD81E-D994-4B4B-B3C3-3ACEB49111F3}.Debug|Any CPU.Build.0 = Debug|Any CPU
		{211FD81E-D994-4B4B-B3C3-3ACEB49111F3}.Release|Any CPU.ActiveCfg = Release|Any CPU
		{211FD81E-D994-4B4B-B3C3-3ACEB49111F3}.Release|Any CPU.Build.0 = Release|Any CPU
		{D1954875-7503-46DA-AB45-C7B4D6B4CFBF}.Debug|Any CPU.ActiveCfg = Debug|Any CPU
		{D1954875-7503-46DA-AB45-C7B4D6B4CFBF}.Debug|Any CPU.Build.0 = Debug|Any CPU
		{D1954875-7503-46DA-AB45-C7B4D6B4CFBF}.Release|Any CPU.ActiveCfg = Release|Any CPU
		{D1954875-7503-46DA-AB45-C7B4D6B4CFBF}.Release|Any CPU.Build.0 = Release|Any CPU
	EndGlobalSection
	GlobalSection(SolutionProperties) = preSolution
		HideSolutionNode = FALSE
	EndGlobalSection
	GlobalSection(ExtensibilityGlobals) = postSolution
		SolutionGuid = {60F40E7E-C23D-4704-B5FE-4550915881A0}
	EndGlobalSection
EndGlobal
